Microsoft Visual Studio Solution File, Format Version 11.00
# Visual Studio 2008

Project("{7BD4356C-C629-0DCD-E70E-D02696C6D9BE}") = "Maker1", "Assembly-CSharp.csproj", "{2B9D5BE6-4606-E4E1-6A2E-8C9C185D0A4B}"
EndProject
Project("{7BD4356C-C629-0DCD-E70E-D02696C6D9BE}") = "Maker1", "Assembly-CSharp-Editor.csproj", "{400D07D8-09A6-00E6-94AA-B8DAA4150B31}"
EndProject
Project("{7BD4356C-C629-0DCD-E70E-D02696C6D9BE}") = "Maker1", "Assembly-UnityScript-Editor-firstpass.unityproj", "{B596DB0B-2B00-48AA-5F04-978974F412F2}"
EndProject
Global
	GlobalSection(SolutionConfigurationPlatforms) = preSolution
		Debug|Any CPU = Debug|Any CPU
		Release|Any CPU = Release|Any CPU
	EndGlobalSection
	GlobalSection(ProjectConfigurationPlatforms) = postSolution
		{2B9D5BE6-4606-E4E1-6A2E-8C9C185D0A4B}.Debug|Any CPU.ActiveCfg = Debug|Any CPU
		{2B9D5BE6-4606-E4E1-6A2E-8C9C185D0A4B}.Debug|Any CPU.Build.0 = Debug|Any CPU
		{2B9D5BE6-4606-E4E1-6A2E-8C9C185D0A4B}.Release|Any CPU.ActiveCfg = Release|Any CPU
		{2B9D5BE6-4606-E4E1-6A2E-8C9C185D0A4B}.Release|Any CPU.Build.0 = Release|Any CPU
		{400D07D8-09A6-00E6-94AA-B8DAA4150B31}.Debug|Any CPU.ActiveCfg = Debug|Any CPU
		{400D07D8-09A6-00E6-94AA-B8DAA4150B31}.Debug|Any CPU.Build.0 = Debug|Any CPU
		{400D07D8-09A6-00E6-94AA-B8DAA4150B31}.Release|Any CPU.ActiveCfg = Release|Any CPU
		{400D07D8-09A6-00E6-94AA-B8DAA4150B31}.Release|Any CPU.Build.0 = Release|Any CPU
		{B596DB0B-2B00-48AA-5F04-978974F412F2}.Debug|Any CPU.ActiveCfg = Debug|Any CPU
		{B596DB0B-2B00-48AA-5F04-978974F412F2}.Debug|Any CPU.Build.0 = Debug|Any CPU
		{B596DB0B-2B00-48AA-5F04-978974F412F2}.Release|Any CPU.ActiveCfg = Release|Any CPU
		{B596DB0B-2B00-48AA-5F04-978974F412F2}.Release|Any CPU.Build.0 = Release|Any CPU
	EndGlobalSection
	GlobalSection(SolutionProperties) = preSolution
		HideSolutionNode = FALSE
	EndGlobalSection
																													GlobalSection(MonoDevelopProperties) = preSolution
		StartupItem = Assembly-CSharp.csproj
		Policies = $0
		$0.TextStylePolicy = $1
		$1.inheritsSet = null
		$1.scope = text/x-csharp
		$0.CSharpFormattingPolicy = $2
		$2.inheritsSet = Mono
		$2.inheritsScope = text/x-csharp
		$2.scope = text/x-csharp
		$0.TextStylePolicy = $3
		$3.FileWidth = 120
		$3.TabWidth = 4
		$3.EolMarker = Unix
		$3.inheritsSet = Mono
		$3.inheritsScope = text/plain
		$3.scope = text/plain
	EndGlobalSection

EndGlobal
